GEM
  remote: https://rubygems.org/
  specs:
    addressable (2.8.8)
      public_suffix (>= 2.0.2, < 8.0)
    base64 (0.3.0)
    bigdecimal (4.0.1)
    colorator (1.1.0)
    concurrent-ruby (1.3.6)
    csv (3.3.5)
    em-websocket (0.5.3)
      eventmachine (>= 0.12.9)
      http_parser.rb (~> 0)
    eventmachine (1.2.7)
    ffi (1.17.2)
    ffi (1.17.2-aarch64-linux-gnu)
    ffi (1.17.2-aarch64-linux-musl)
    ffi (1.17.2-arm-linux-gnu)
    ffi (1.17.2-arm-linux-musl)
    ffi (1.17.2-arm64-darwin)
    ffi (1.17.2-x86-linux-gnu)
    ffi (1.17.2-x86-linux-musl)
    ffi (1.17.2-x86_64-darwin)
    ffi (1.17.2-x86_64-linux-gnu)
    ffi (1.17.2-x86_64-linux-musl)
    forwardable-extended (2.6.0)
    google-protobuf (4.33.2)
      bigdecimal
      rake (>= 13)
    google-protobuf (4.33.2-aarch64-linux-gnu)
      bigdecimal
      rake (>= 13)
    google-protobuf (4.33.2-aarch64-linux-musl)
      bigdecimal
      rake (>= 13)
    google-protobuf (4.33.2-arm64-darwin)
      bigdecimal
      rake (>= 13)
    google-protobuf (4.33.2-x86-linux-gnu)
      bigdecimal
      rake (>= 13)
    google-protobuf (4.33.2-x86-linux-musl)
      bigdecimal
      rake (>= 13)
    google-protobuf (4.33.2-x86_64-darwin)
      bigdecimal
      rake (>= 13)
    google-protobuf (4.33.2-x86_64-linux-gnu)
      bigdecimal
      rake (>= 13)
    google-protobuf (4.33.2-x86_64-linux-musl)
      bigdecimal
      rake (>= 13)
    http_parser.rb (0.8.1)
    i18n (1.14.8)
      concurrent-ruby (~> 1.0)
    jekyll (4.4.1)
      addressable (~> 2.4)
      base64 (~> 0.2)
      colorator (~> 1.0)
      csv (~> 3.0)
      em-websocket (~> 0.5)
      i18n (~> 1.0)
      jekyll-sass-converter (>= 2.0, < 4.0)
      jekyll-watch (~> 2.0)
      json (~> 2.6)
      kramdown (~> 2.3, >= 2.3.1)
      kramdown-parser-gfm (~> 1.0)
      liquid (~> 4.0)
      mercenary (~> 0.3, >= 0.3.6)
      pathutil (~> 0.9)
      rouge (>= 3.0, < 5.0)
      safe_yaml (~> 1.0)
      terminal-table (>= 1.8, < 4.0)
      webrick (~> 1.7)
    jekyll-include-cache (0.2.1)
      jekyll (>= 3.7, < 5.0)
    jekyll-sass-converter (3.1.0)
      sass-embedded (~> 1.75)
    jekyll-seo-tag (2.8.0)
      jekyll (>= 3.8, < 5.0)
    jekyll-watch (2.2.1)
      listen (~> 3.0)
    json (2.18.0)
    just-the-docs (0.10.1)
      jekyll (>= 3.8.5)
      jekyll-include-cache
      jekyll-seo-tag (>= 2.0)
      rake (>= 12.3.1)
    kramdown (2.5.1)
      rexml (>= 3.3.9)
    kramdown-parser-gfm (1.1.0)
      kramdown (~> 2.0)
    liquid (4.0.4)
    listen (3.9.0)
      rb-fsevent (~> 0.10, >= 0.10.3)
      rb-inotify (~> 0.9, >= 0.9.10)
    mercenary (0.4.0)
    pathutil (0.16.2)
      forwardable-extended (~> 2.6)
    public_suffix (7.0.0)
    rake (13.3.1)
    rb-fsevent (0.11.2)
    rb-inotify (0.11.1)
      ffi (~> 1.0)
    rexml (3.4.4)
    rouge (4.6.1)
    safe_yaml (1.0.5)
    sass-embedded (1.97.1)
      google-protobuf (~> 4.31)
      rake (>= 13)
    sass-embedded (1.97.1-aarch64-linux-android)
      google-protobuf (~> 4.31)
    sass-embedded (1.97.1-aarch64-linux-gnu)
      google-protobuf (~> 4.31)
    sass-embedded (1.97.1-aarch64-linux-musl)
      google-protobuf (~> 4.31)
    sass-embedded (1.97.1-arm-linux-androideabi)
      google-protobuf (~> 4.31)
    sass-embedded (1.97.1-arm-linux-gnueabihf)
      google-protobuf (~> 4.31)
    sass-embedded (1.97.1-arm-linux-musleabihf)
      google-protobuf (~> 4.31)
    sass-embedded (1.97.1-arm64-darwin)
      google-protobuf (~> 4.31)
    sass-embedded (1.97.1-riscv64-linux-android)
      google-protobuf (~> 4.31)
    sass-embedded (1.97.1-riscv64-linux-gnu)
      google-protobuf (~> 4.31)
    sass-embedded (1.97.1-riscv64-linux-musl)
      google-protobuf (~> 4.31)
    sass-embedded (1.97.1-x86_64-darwin)
      google-protobuf (~> 4.31)
    sass-embedded (1.97.1-x86_64-linux-android)
      google-protobuf (~> 4.31)
    sass-embedded (1.97.1-x86_64-linux-gnu)
      google-protobuf (~> 4.31)
    sass-embedded (1.97.1-x86_64-linux-musl)
      google-protobuf (~> 4.31)
    terminal-table (3.0.2)
      unicode-display_width (>= 1.1.1, < 3)
    unicode-display_width (2.6.0)
    webrick (1.9.2)

PLATFORMS
  aarch64-linux-android
  aarch64-linux-gnu
  aarch64-linux-musl
  arm-linux-androideabi
  arm-linux-gnu
  arm-linux-gnueabihf
  arm-linux-musl
  arm-linux-musleabihf
  arm64-darwin
  riscv64-linux-android
  riscv64-linux-gnu
  riscv64-linux-musl
  x86-linux-gnu
  x86-linux-musl
  x86_64-darwin
  x86_64-linux-android
  x86_64-linux-gnu
  x86_64-linux-musl

DEPENDENCIES
  jekyll (~> 4.4.1)
  just-the-docs
  kramdown

CHECKSUMS
  addressable (2.8.8) sha256=7c13b8f9536cf6364c03b9d417c19986019e28f7c00ac8132da4eb0fe393b057
  base64 (0.3.0) sha256=27337aeabad6ffae05c265c450490628ef3ebd4b67be58257393227588f5a97b
  bigdecimal (4.0.1) sha256=8b07d3d065a9f921c80ceaea7c9d4ae596697295b584c296fe599dd0ad01c4a7
  colorator (1.1.0) sha256=e2f85daf57af47d740db2a32191d1bdfb0f6503a0dfbc8327d0c9154d5ddfc38
  concurrent-ruby (1.3.6) sha256=6b56837e1e7e5292f9864f34b69c5a2cbc75c0cf5338f1ce9903d10fa762d5ab
  csv (3.3.5) sha256=6e5134ac3383ef728b7f02725d9872934f523cb40b961479f69cf3afa6c8e73f
  em-websocket (0.5.3) sha256=f56a92bde4e6cb879256d58ee31f124181f68f8887bd14d53d5d9a292758c6a8
  eventmachine (1.2.7) sha256=994016e42aa041477ba9cff45cbe50de2047f25dd418eba003e84f0d16560972
  ffi (1.17.2) sha256=297235842e5947cc3036ebe64077584bff583cd7a4e94e9a02fdec399ef46da6
  ffi (1.17.2-aarch64-linux-gnu) sha256=c910bd3cae70b76690418cce4572b7f6c208d271f323d692a067d59116211a1a
  ffi (1.17.2-aarch64-linux-musl) sha256=69e6556b091d45df83e6c3b19d3c54177c206910965155a6ec98de5e893c7b7c
  ffi (1.17.2-arm-linux-gnu) sha256=d4a438f2b40224ae42ec72f293b3ebe0ba2159f7d1bd47f8417e6af2f68dbaa5
  ffi (1.17.2-arm-linux-musl) sha256=977dfb7f3a6381206dbda9bc441d9e1f9366bf189a634559c3b7c182c497aaa3
  ffi (1.17.2-arm64-darwin) sha256=54dd9789be1d30157782b8de42d8f887a3c3c345293b57ffb6b45b4d1165f813
  ffi (1.17.2-x86-linux-gnu) sha256=95d8f9ebea23c39888e2ab85a02c98f54acb2f4e79b829250d7267ce741dc7b0
  ffi (1.17.2-x86-linux-musl) sha256=41741449bab2b9530f42a47baa5c26263925306fad0ac2d60887f51af2e3b24c
  ffi (1.17.2-x86_64-darwin) sha256=981f2d4e32ea03712beb26e55e972797c2c5a7b0257955d8667ba58f2da6440e
  ffi (1.17.2-x86_64-linux-gnu) sha256=05d2026fc9dbb7cfd21a5934559f16293815b7ce0314846fee2ac8efbdb823ea
  ffi (1.17.2-x86_64-linux-musl) sha256=97c0eb3981414309285a64dc4d466bd149e981c279a56371ef811395d68cb95c
  forwardable-extended (2.6.0) sha256=1bec948c469bbddfadeb3bd90eb8c85f6e627a412a3e852acfd7eaedbac3ec97
  google-protobuf (4.33.2) sha256=748150d6c642fd655ef39efa23ecf2abe6d616020039a6d1c1764be1da530315
  google-protobuf (4.33.2-aarch64-linux-gnu) sha256=822b2dcb707e94e652cd994642c31035935fca021adfac6164772c511eb7acd4
  google-protobuf (4.33.2-aarch64-linux-musl) sha256=c4b64428183cfd1953ec8c37beec1036668c8ec0865cfb0b18df21181ca397ee
  google-protobuf (4.33.2-arm64-darwin) sha256=6d0ac185fed18768e5f16338455b1e4b7c38a97fc46f352e709f7a3007b64e1d
  google-protobuf (4.33.2-x86-linux-gnu) sha256=82612c425d7a0b0f8f299d8e595a367984fcd22a155b8ac5861eea0e76ca1a93
  google-protobuf (4.33.2-x86-linux-musl) sha256=cc7e322228967c230f3b9c47a76de4e59fb47001900f4cbdf9056d1de92199ab
  google-protobuf (4.33.2-x86_64-darwin) sha256=87cde586234674562cf099e2b708a65e376e2d39b0f0f48281f4b4ea182b47f8
  google-protobuf (4.33.2-x86_64-linux-gnu) sha256=73cba041477afcac92ff383fcbdec195ea28d96b994876d1deaa944d18f91786
  google-protobuf (4.33.2-x86_64-linux-musl) sha256=97cdf4f772c5540f9274603b00f1474ed5e6e2238b1d8b1585e77f941a36bd2c
  http_parser.rb (0.8.1) sha256=9ae8df145b39aa5398b2f90090d651c67bd8e2ebfe4507c966579f641e11097a
  i18n (1.14.8) sha256=285778639134865c5e0f6269e0b818256017e8cde89993fdfcbfb64d088824a5
  jekyll (4.4.1) sha256=4c1144d857a5b2b80d45b8cf5138289579a9f8136aadfa6dd684b31fe2bc18c1
  jekyll-include-cache (0.2.1) sha256=c7d4b9e551732a27442cb2ce853ba36a2f69c66603694b8c1184c99ab1a1a205
  jekyll-sass-converter (3.1.0) sha256=83925d84f1d134410c11d0c6643b0093e82e3a3cf127e90757a85294a3862443
  jekyll-seo-tag (2.8.0) sha256=3f2ed1916d56f14ebfa38e24acde9b7c946df70cb183af2cb5f0598f21ae6818
  jekyll-watch (2.2.1) sha256=bc44ed43f5e0a552836245a54dbff3ea7421ecc2856707e8a1ee203a8387a7e1
  json (2.18.0) sha256=b10506aee4183f5cf49e0efc48073d7b75843ce3782c68dbeb763351c08fd505
  just-the-docs (0.10.1) sha256=bcea878de38524207102fffa62948b44465c0069c82b97c3a464f52ddedf5578
  kramdown (2.5.1) sha256=87bbb6abd9d3cebe4fc1f33e367c392b4500e6f8fa19dd61c0972cf4afe7368c
  kramdown-parser-gfm (1.1.0) sha256=fb39745516427d2988543bf01fc4cf0ab1149476382393e0e9c48592f6581729
  liquid (4.0.4) sha256=4fcfebb1a045e47918388dbb7a0925e7c3893e58d2bd6c3b3c73ec17a2d8fdb3
  listen (3.9.0) sha256=db9e4424e0e5834480385197c139cb6b0ae0ef28cc13310cfd1ca78377d59c67
  mercenary (0.4.0) sha256=b25a1e4a59adca88665e08e24acf0af30da5b5d859f7d8f38fba52c28f405138
  pathutil (0.16.2) sha256=e43b74365631cab4f6d5e4228f812927efc9cb2c71e62976edcb252ee948d589
  public_suffix (7.0.0) sha256=f7090b5beb0e56f9f10d79eed4d5fbe551b3b425da65877e075dad47a6a1b095
  rake (13.3.1) sha256=8c9e89d09f66a26a01264e7e3480ec0607f0c497a861ef16063604b1b08eb19c
  rb-fsevent (0.11.2) sha256=43900b972e7301d6570f64b850a5aa67833ee7d87b458ee92805d56b7318aefe
  rb-inotify (0.11.1) sha256=a0a700441239b0ff18eb65e3866236cd78613d6b9f78fea1f9ac47a85e47be6e
  rexml (3.4.4) sha256=19e0a2c3425dfbf2d4fc1189747bdb2f849b6c5e74180401b15734bc97b5d142
  rouge (4.6.1) sha256=5075346d5797d6864be93f7adc75a16047a7dbfa572c63c502419ffa582c77de
  safe_yaml (1.0.5) sha256=a6ac2d64b7eb027bdeeca1851fe7e7af0d668e133e8a88066a0c6f7087d9f848
  sass-embedded (1.97.1) sha256=112ee8895854e7a8ea985937f7458f649fed8df255ed61e189f8a4b185e768d9
  sass-embedded (1.97.1-aarch64-linux-android) sha256=f1801c8f5ac05ff0161fb9792259069239c2d4e497d2eca51a21c9ee2fa5e648
  sass-embedded (1.97.1-aarch64-linux-gnu) sha256=427e7d90e69ac578a2f2f4460d4ad663ce27abd379ce79d17d8426e05079c8c5
  sass-embedded (1.97.1-aarch64-linux-musl) sha256=11728a50789f6872b548d888fefb7ab0141e277f28038520bf698057acc41ea6
  sass-embedded (1.97.1-arm-linux-androideabi) sha256=a1cbe71d760f91ad699b98df737efadd38e15b886d6f29d309d69665f83fcf5e
  sass-embedded (1.97.1-arm-linux-gnueabihf) sha256=5484d596693d2018f20a9c46b6d1a234d97308fdd2169f8c6b1d8a9bd0f121dc
  sass-embedded (1.97.1-arm-linux-musleabihf) sha256=b99fa71e32e1f7be57cf801ce08f4c1ffb2d1151d31f1134a1c334364c1c3274
  sass-embedded (1.97.1-arm64-darwin) sha256=9da08e5cc569ef62235fc515a87c75a47b0de40d8416c563ba1abfbe60e606d9
  sass-embedded (1.97.1-riscv64-linux-android) sha256=f5f4abc14a6ee0514fdc27b0926ad2b5dc2e363ab91b0d4887f04e3d83be35b0
  sass-embedded (1.97.1-riscv64-linux-gnu) sha256=baaa87895042b3b656c689fc74a7a2c11e64e19006f5d283cad1cd265857fcea
  sass-embedded (1.97.1-riscv64-linux-musl) sha256=a882358c8f8249ac7f336b4f214abe73aa45edb0a2ff4001ff13dbb4b5d0b5e7
  sass-embedded (1.97.1-x86_64-darwin) sha256=f2b65c45bce72bc893511692aa4e4f309cfbe23c035ec688190a0c758c8e77a6
  sass-embedded (1.97.1-x86_64-linux-android) sha256=d3283323c0a5e2a46d7891748f09ad5446fe840ae69a305379e9a99c4c079cff
  sass-embedded (1.97.1-x86_64-linux-gnu) sha256=9a294bb0acb1a539ed19f0e511098a9740b4aab4389e169585e8da1337fbd8b4
  sass-embedded (1.97.1-x86_64-linux-musl) sha256=c383026b7a70d52b0ef4be73c45cc1399fc65f95e851b0fc9265c8d89f151556
  terminal-table (3.0.2) sha256=f951b6af5f3e00203fb290a669e0a85c5dd5b051b3b023392ccfd67ba5abae91
  unicode-display_width (2.6.0) sha256=12279874bba6d5e4d2728cef814b19197dbb10d7a7837a869bab65da943b7f5a
  webrick (1.9.2) sha256=beb4a15fc474defed24a3bda4ffd88a490d517c9e4e6118c3edce59e45864131

BUNDLED WITH
  4.0.3
